
Microsoft Visual Studio Solution File, Format Version 12.00
Project("{FAE04EC0-301F-11D3-BF4B-00C04F79EFBC}") = "WindowsServiceAPI", "WindowsServiceAPI\WindowsServiceAPI.csproj", "{1614131E-A39E-46A4-8BBB-81BDE21738CB}"
EndProject
Global
	GlobalSection(SolutionConfigurationPlatforms) = preSolution
		Debug|Any CPU = Debug|Any CPU
		Release|Any CPU = Release|Any CPU
	EndGlobalSection
	GlobalSection(ProjectConfigurationPlatforms) = postSolution
		{1614131E-A39E-46A4-8BBB-81BDE21738CB}.Debug|Any CPU.ActiveCfg = Debug|Any CPU
		{1614131E-A39E-46A4-8BBB-81BDE21738CB}.Debug|Any CPU.Build.0 = Debug|Any CPU
		{1614131E-A39E-46A4-8BBB-81BDE21738CB}.Release|Any CPU.ActiveCfg = Release|Any CPU
		{1614131E-A39E-46A4-8BBB-81BDE21738CB}.Release|Any CPU.Build.0 = Release|Any CPU
	EndGlobalSection
EndGlobal
